
Microsoft Visual Studio Solution File, Format Version 12.00
# Visual Studio Version 17
VisualStudioVersion = 17.13.35919.96 d17.13
MinimumVisualStudioVersion = 10.0.40219.1
Project("{FAE04EC0-301F-11D3-BF4B-00C04F79EFBC}") = "jobPortal", "jobPortal\jobPortal.csproj", "{81F3BACB-5B1B-4FDC-A2C4-5CE3F0A94BFD}"
EndProject
Global
	GlobalSection(SolutionConfigurationPlatforms) = preSolution
		Debug|Any CPU = Debug|Any CPU
		Release|Any CPU = Release|Any CPU
	EndGlobalSection
	GlobalSection(ProjectConfigurationPlatforms) = postSolution
		{81F3BACB-5B1B-4FDC-A2C4-5CE3F0A94BFD}.Debug|Any CPU.ActiveCfg = Debug|Any CPU
		{81F3BACB-5B1B-4FDC-A2C4-5CE3F0A94BFD}.Debug|Any CPU.Build.0 = Debug|Any CPU
		{81F3BACB-5B1B-4FDC-A2C4-5CE3F0A94BFD}.Release|Any CPU.ActiveCfg = Release|Any CPU
		{81F3BACB-5B1B-4FDC-A2C4-5CE3F0A94BFD}.Release|Any CPU.Build.0 = Release|Any CPU
	EndGlobalSection
	GlobalSection(SolutionProperties) = preSolution
		HideSolutionNode = FALSE
	EndGlobalSection
	GlobalSection(ExtensibilityGlobals) = postSolution
		SolutionGuid = {D303AC2F-2F6A-4C49-B5DB-D2C3D68ABF22}
	EndGlobalSection
EndGlobal
